// !$*UTF8*$!
{
	archiveVersion = 1;
	classes = {
	};
	objectVersion = 56;
	objects = {

/* Begin PBXBuildFile section */
		B462E2B828E3CA6E006C5AF5 /* RealmSwift in Frameworks */ = {isa = PBXBuildFile; productRef = B462E2B728E3CA6E006C5AF5 /* RealmSwift */; };
		B462E2BA28E4172E006C5AF5 /* RoutineMyPageController.swift in Sources */ = {isa = PBXBuildFile; fileRef = B462E2B928E4172E006C5AF5 /* RoutineMyPageController.swift */; };
		B462E2BD28E41919006C5AF5 /* RoutineMyPageViewModel.swift in Sources */ = {isa = PBXBuildFile; fileRef = B462E2BC28E41919006C5AF5 /* RoutineMyPageViewModel.swift */; };
		B462E2BF28E41921006C5AF5 /* RoutineMyPageCell.swift in Sources */ = {isa = PBXBuildFile; fileRef = B462E2BE28E41921006C5AF5 /* RoutineMyPageCell.swift */; };
		B46724B728E1259D002F51C8 /* TitleTextFieldCell.swift in Sources */ = {isa = PBXBuildFile; fileRef = B46724B628E1259D002F51C8 /* TitleTextFieldCell.swift */; };
		B46724B928E142AB002F51C8 /* TodayData.swift in Sources */ = {isa = PBXBuildFile; fileRef = B46724B828E142AB002F51C8 /* TodayData.swift */; };
		B46724BB28E182A2002F51C8 /* RoutineViewModel.swift in Sources */ = {isa = PBXBuildFile; fileRef = B46724BA28E182A2002F51C8 /* RoutineViewModel.swift */; };
		B46724BD28E19A83002F51C8 /* RoutineViewCell.swift in Sources */ = {isa = PBXBuildFile; fileRef = B46724BC28E19A83002F51C8 /* RoutineViewCell.swift */; };
		B46C581C28E27FD900FA3093 /* TitleHeaderView.swift in Sources */ = {isa = PBXBuildFile; fileRef = B46C581B28E27FD900FA3093 /* TitleHeaderView.swift */; };
		B46C581E28E2967F00FA3093 /* Category.json in Resources */ = {isa = PBXBuildFile; fileRef = B46C581D28E2967F00FA3093 /* Category.json */; };
		B46C582028E2B56B00FA3093 /* RoutineCategoryController.swift in Sources */ = {isa = PBXBuildFile; fileRef = B46C581F28E2B56B00FA3093 /* RoutineCategoryController.swift */; };
		B46C582328E2BF1400FA3093 /* RoutineCategory.swift in Sources */ = {isa = PBXBuildFile; fileRef = B46C582228E2BF1400FA3093 /* RoutineCategory.swift */; };
		B46C582528E2BFE100FA3093 /* RoutineCategoryViewModel.swift in Sources */ = {isa = PBXBuildFile; fileRef = B46C582428E2BFE100FA3093 /* RoutineCategoryViewModel.swift */; };
		B46C582728E2CF1100FA3093 /* ServiceManager.swift in Sources */ = {isa = PBXBuildFile; fileRef = B46C582628E2CF1100FA3093 /* ServiceManager.swift */; };
		B915A4DC28DD684A007B57D8 /* AddViewController.swift in Sources */ = {isa = PBXBuildFile; fileRef = B915A4DB28DD684A007B57D8 /* AddViewController.swift */; };
		B915A4DF28DD6DF8007B57D8 /* AddViewModel.swift in Sources */ = {isa = PBXBuildFile; fileRef = B915A4DE28DD6DF8007B57D8 /* AddViewModel.swift */; };
		B915A4E328DD7057007B57D8 /* TitleTextFieldCellViewModel.swift in Sources */ = {isa = PBXBuildFile; fileRef = B915A4E228DD7057007B57D8 /* TitleTextFieldCellViewModel.swift */; };
		B915A4E828DD7A6F007B57D8 /* Category.swift in Sources */ = {isa = PBXBuildFile; fileRef = B915A4E728DD7A6F007B57D8 /* Category.swift */; };
		B915A4EA28DD7AD5007B57D8 /* CategoryViewModel.swift in Sources */ = {isa = PBXBuildFile; fileRef = B915A4E928DD7AD5007B57D8 /* CategoryViewModel.swift */; };
		B915A4EC28DD7FAE007B57D8 /* TodayViewModel.swift in Sources */ = {isa = PBXBuildFile; fileRef = B915A4EB28DD7FAE007B57D8 /* TodayViewModel.swift */; };
		B915A4EF28DDA623007B57D8 /* CategoryListViewController.swift in Sources */ = {isa = PBXBuildFile; fileRef = B915A4EE28DDA623007B57D8 /* CategoryListViewController.swift */; };
		B9191AD928DC88D900F965D1 /* AppDelegate.swift in Sources */ = {isa = PBXBuildFile; fileRef = B9191AD828DC88D900F965D1 /* AppDelegate.swift */; };
		B9191ADB28DC88D900F965D1 /* SceneDelegate.swift in Sources */ = {isa = PBXBuildFile; fileRef = B9191ADA28DC88D900F965D1 /* SceneDelegate.swift */; };
		B9191AE228DC88DA00F965D1 /* Assets.xcassets in Resources */ = {isa = PBXBuildFile; fileRef = B9191AE128DC88DA00F965D1 /* Assets.xcassets */; };
		B9191AE528DC88DA00F965D1 /* LaunchScreen.storyboard in Resources */ = {isa = PBXBuildFile; fileRef = B9191AE328DC88DA00F965D1 /* LaunchScreen.storyboard */; };
		B9191AF028DC88DA00F965D1 /* RoutineDiaryTests.swift in Sources */ = {isa = PBXBuildFile; fileRef = B9191AEF28DC88DA00F965D1 /* RoutineDiaryTests.swift */; };
		B9191AFA28DC88DA00F965D1 /* RoutineDiaryUITests.swift in Sources */ = {isa = PBXBuildFile; fileRef = B9191AF928DC88DA00F965D1 /* RoutineDiaryUITests.swift */; };
		B9191AFC28DC88DA00F965D1 /* RoutineDiaryUITestsLaunchTests.swift in Sources */ = {isa = PBXBuildFile; fileRef = B9191AFB28DC88DA00F965D1 /* RoutineDiaryUITestsLaunchTests.swift */; };
		B9191B0928DC89F100F965D1 /* RootTabController.swift in Sources */ = {isa = PBXBuildFile; fileRef = B9191B0828DC89F100F965D1 /* RootTabController.swift */; };
		B9191B0C28DC8AB500F965D1 /* TodayViewController.swift in Sources */ = {isa = PBXBuildFile; fileRef = B9191B0B28DC8AB500F965D1 /* TodayViewController.swift */; };
		B9191B0E28DC8AC300F965D1 /* RoutineViewController.swift in Sources */ = {isa = PBXBuildFile; fileRef = B9191B0D28DC8AC300F965D1 /* RoutineViewController.swift */; };
		B9191B1028DC8AE700F965D1 /* DayViewController.swift in Sources */ = {isa = PBXBuildFile; fileRef = B9191B0F28DC8AE700F965D1 /* DayViewController.swift */; };
		B9191B1628DC8F5E00F965D1 /* SnapKit in Frameworks */ = {isa = PBXBuildFile; productRef = B9191B1528DC8F5E00F965D1 /* SnapKit */; };
		B9191B1928DC8F8000F965D1 /* RxCocoa in Frameworks */ = {isa = PBXBuildFile; productRef = B9191B1828DC8F8000F965D1 /* RxCocoa */; };
		B9191B1B28DC8F8000F965D1 /* RxRelay in Frameworks */ = {isa = PBXBuildFile; productRef = B9191B1A28DC8F8000F965D1 /* RxRelay */; };
		B9191B1D28DC8F8000F965D1 /* RxSwift in Frameworks */ = {isa = PBXBuildFile; productRef = B9191B1C28DC8F8000F965D1 /* RxSwift */; };
		B9191B1F28DC8FDD00F965D1 /* RoutineData.swift in Sources */ = {isa = PBXBuildFile; fileRef = B9191B1E28DC8FDD00F965D1 /* RoutineData.swift */; };
		B9191B2228DC95D700F965D1 /* TodayViewCell.swift in Sources */ = {isa = PBXBuildFile; fileRef = B9191B2128DC95D700F965D1 /* TodayViewCell.swift */; };
		B9286F6E28E02E3600BB8F76 /* ContentTextFieldCell.swift in Sources */ = {isa = PBXBuildFile; fileRef = B9286F6D28E02E3600BB8F76 /* ContentTextFieldCell.swift */; };
		B9286F7128E02E5300BB8F76 /* ContentTextFieldViewModel.swift in Sources */ = {isa = PBXBuildFile; fileRef = B9286F7028E02E5300BB8F76 /* ContentTextFieldViewModel.swift */; };
		B92B385628E3167C009ADDEC /* RoutineCategoryCell.swift in Sources */ = {isa = PBXBuildFile; fileRef = B92B385528E3167C009ADDEC /* RoutineCategoryCell.swift */; };
		B92B385828E31ED8009ADDEC /* DayViewModel.swift in Sources */ = {isa = PBXBuildFile; fileRef = B92B385728E31ED8009ADDEC /* DayViewModel.swift */; };
		B92B385A28E31FA4009ADDEC /* DayViewCell.swift in Sources */ = {isa = PBXBuildFile; fileRef = B92B385928E31FA4009ADDEC /* DayViewCell.swift */; };
/* End PBXBuildFile section */

/* Begin PBXContainerItemProxy section */
		B9191AEC28DC88DA00F965D1 /* PBXContainerItemProxy */ = {
			isa = PBXContainerItemProxy;
			containerPortal = B9191ACD28DC88D900F965D1 /* Project object */;
			proxyType = 1;
			remoteGlobalIDString = B9191AD428DC88D900F965D1;
			remoteInfo = RoutineDiary;
		};
		B9191AF628DC88DA00F965D1 /* PBXContainerItemProxy */ = {
			isa = PBXContainerItemProxy;
			containerPortal = B9191ACD28DC88D900F965D1 /* Project object */;
			proxyType = 1;
			remoteGlobalIDString = B9191AD428DC88D900F965D1;
			remoteInfo = RoutineDiary;
		};
/* End PBXContainerItemProxy section */

/* Begin PBXFileReference section */
		B462E2B928E4172E006C5AF5 /* RoutineMyPageController.swift */ = {isa = PBXFileReference; lastKnownFileType = sourcecode.swift; path = RoutineMyPageController.swift; sourceTree = "<group>"; };
		B462E2BC28E41919006C5AF5 /* RoutineMyPageViewModel.swift */ = {isa = PBXFileReference; lastKnownFileType = sourcecode.swift; path = RoutineMyPageViewModel.swift; sourceTree = "<group>"; };
		B462E2BE28E41921006C5AF5 /* RoutineMyPageCell.swift */ = {isa = PBXFileReference; lastKnownFileType = sourcecode.swift; path = RoutineMyPageCell.swift; sourceTree = "<group>"; };
		B46724B628E1259D002F51C8 /* TitleTextFieldCell.swift */ = {isa = PBXFileReference; lastKnownFileType = sourcecode.swift; path = TitleTextFieldCell.swift; sourceTree = "<group>"; };
		B46724B828E142AB002F51C8 /* TodayData.swift */ = {isa = PBXFileReference; lastKnownFileType = sourcecode.swift; path = TodayData.swift; sourceTree = "<group>"; };
		B46724BA28E182A2002F51C8 /* RoutineViewModel.swift */ = {isa = PBXFileReference; lastKnownFileType = sourcecode.swift; path = RoutineViewModel.swift; sourceTree = "<group>"; };
		B46724BC28E19A83002F51C8 /* RoutineViewCell.swift */ = {isa = PBXFileReference; lastKnownFileType = sourcecode.swift; path = RoutineViewCell.swift; sourceTree = "<group>"; };
		B46C581B28E27FD900FA3093 /* TitleHeaderView.swift */ = {isa = PBXFileReference; lastKnownFileType = sourcecode.swift; path = TitleHeaderView.swift; sourceTree = "<group>"; };
		B46C581D28E2967F00FA3093 /* Category.json */ = {isa = PBXFileReference; lastKnownFileType = text.json; path = Category.json; sourceTree = "<group>"; };
		B46C581F28E2B56B00FA3093 /* RoutineCategoryController.swift */ = {isa = PBXFileReference; lastKnownFileType = sourcecode.swift; path = RoutineCategoryController.swift; sourceTree = "<group>"; };
		B46C582228E2BF1400FA3093 /* RoutineCategory.swift */ = {isa = PBXFileReference; lastKnownFileType = sourcecode.swift; path = RoutineCategory.swift; sourceTree = "<group>"; };
		B46C582428E2BFE100FA3093 /* RoutineCategoryViewModel.swift */ = {isa = PBXFileReference; lastKnownFileType = sourcecode.swift; path = RoutineCategoryViewModel.swift; sourceTree = "<group>"; };
		B46C582628E2CF1100FA3093 /* ServiceManager.swift */ = {isa = PBXFileReference; lastKnownFileType = sourcecode.swift; path = ServiceManager.swift; sourceTree = "<group>"; };
		B915A4DB28DD684A007B57D8 /* AddViewController.swift */ = {isa = PBXFileReference; lastKnownFileType = sourcecode.swift; path = AddViewController.swift; sourceTree = "<group>"; };
		B915A4DE28DD6DF8007B57D8 /* AddViewModel.swift */ = {isa = PBXFileReference; lastKnownFileType = sourcecode.swift; path = AddViewModel.swift; sourceTree = "<group>"; };
		B915A4E228DD7057007B57D8 /* TitleTextFieldCellViewModel.swift */ = {isa = PBXFileReference; lastKnownFileType = sourcecode.swift; path = TitleTextFieldCellViewModel.swift; sourceTree = "<group>"; };
		B915A4E728DD7A6F007B57D8 /* Category.swift */ = {isa = PBXFileReference; lastKnownFileType = sourcecode.swift; path = Category.swift; sourceTree = "<group>"; };
		B915A4E928DD7AD5007B57D8 /* CategoryViewModel.swift */ = {isa = PBXFileReference; lastKnownFileType = sourcecode.swift; path = CategoryViewModel.swift; sourceTree = "<group>"; };
		B915A4EB28DD7FAE007B57D8 /* TodayViewModel.swift */ = {isa = PBXFileReference; lastKnownFileType = sourcecode.swift; path = TodayViewModel.swift; sourceTree = "<group>"; };
		B915A4EE28DDA623007B57D8 /* CategoryListViewController.swift */ = {isa = PBXFileReference; lastKnownFileType = sourcecode.swift; path = CategoryListViewController.swift; sourceTree = "<group>"; };
		B9191AD528DC88D900F965D1 /* RoutineDiary.app */ = {isa = PBXFileReference; explicitFileType = wrapper.application; includeInIndex = 0; path = RoutineDiary.app; sourceTree = BUILT_PRODUCTS_DIR; };
		B9191AD828DC88D900F965D1 /* AppDelegate.swift */ = {isa = PBXFileReference; lastKnownFileType = sourcecode.swift; path = AppDelegate.swift; sourceTree = "<group>"; };
		B9191ADA28DC88D900F965D1 /* SceneDelegate.swift */ = {isa = PBXFileReference; lastKnownFileType = sourcecode.swift; path = SceneDelegate.swift; sourceTree = "<group>"; };
		B9191AE128DC88DA00F965D1 /* Assets.xcassets */ = {isa = PBXFileReference; lastKnownFileType = folder.assetcatalog; path = Assets.xcassets; sourceTree = "<group>"; };
		B9191AE428DC88DA00F965D1 /* Base */ = {isa = PBXFileReference; lastKnownFileType = file.storyboard; name = Base; path = Base.lproj/LaunchScreen.storyboard; sourceTree = "<group>"; };
		B9191AE628DC88DA00F965D1 /* Info.plist */ = {isa = PBXFileReference; lastKnownFileType = text.plist.xml; path = Info.plist; sourceTree = "<group>"; };
		B9191AEB28DC88DA00F965D1 /* RoutineDiaryTests.xctest */ = {isa = PBXFileReference; explicitFileType = wrapper.cfbundle; includeInIndex = 0; path = RoutineDiaryTests.xctest; sourceTree = BUILT_PRODUCTS_DIR; };
		B9191AEF28DC88DA00F965D1 /* RoutineDiaryTests.swift */ = {isa = PBXFileReference; lastKnownFileType = sourcecode.swift; path = RoutineDiaryTests.swift; sourceTree = "<group>"; };
		B9191AF528DC88DA00F965D1 /* RoutineDiaryUITests.xctest */ = {isa = PBXFileReference; explicitFileType = wrapper.cfbundle; includeInIndex = 0; path = RoutineDiaryUITests.xctest; sourceTree = BUILT_PRODUCTS_DIR; };
		B9191AF928DC88DA00F965D1 /* RoutineDiaryUITests.swift */ = {isa = PBXFileReference; lastKnownFileType = sourcecode.swift; path = RoutineDiaryUITests.swift; sourceTree = "<group>"; };
		B9191AFB28DC88DA00F965D1 /* RoutineDiaryUITestsLaunchTests.swift */ = {isa = PBXFileReference; lastKnownFileType = sourcecode.swift; path = RoutineDiaryUITestsLaunchTests.swift; sourceTree = "<group>"; };
		B9191B0828DC89F100F965D1 /* RootTabController.swift */ = {isa = PBXFileReference; lastKnownFileType = sourcecode.swift; path = RootTabController.swift; sourceTree = "<group>"; };
		B9191B0B28DC8AB500F965D1 /* TodayViewController.swift */ = {isa = PBXFileReference; lastKnownFileType = sourcecode.swift; path = TodayViewController.swift; sourceTree = "<group>"; };
		B9191B0D28DC8AC300F965D1 /* RoutineViewController.swift */ = {isa = PBXFileReference; lastKnownFileType = sourcecode.swift; path = RoutineViewController.swift; sourceTree = "<group>"; };
		B9191B0F28DC8AE700F965D1 /* DayViewController.swift */ = {isa = PBXFileReference; lastKnownFileType = sourcecode.swift; path = DayViewController.swift; sourceTree = "<group>"; };
		B9191B1E28DC8FDD00F965D1 /* RoutineData.swift */ = {isa = PBXFileReference; lastKnownFileType = sourcecode.swift; path = RoutineData.swift; sourceTree = "<group>"; };
		B9191B2128DC95D700F965D1 /* TodayViewCell.swift */ = {isa = PBXFileReference; lastKnownFileType = sourcecode.swift; path = TodayViewCell.swift; sourceTree = "<group>"; };
		B9286F6D28E02E3600BB8F76 /* ContentTextFieldCell.swift */ = {isa = PBXFileReference; lastKnownFileType = sourcecode.swift; path = ContentTextFieldCell.swift; sourceTree = "<group>"; };
		B9286F7028E02E5300BB8F76 /* ContentTextFieldViewModel.swift */ = {isa = PBXFileReference; lastKnownFileType = sourcecode.swift; path = ContentTextFieldViewModel.swift; sourceTree = "<group>"; };
		B92B385528E3167C009ADDEC /* RoutineCategoryCell.swift */ = {isa = PBXFileReference; lastKnownFileType = sourcecode.swift; path = RoutineCategoryCell.swift; sourceTree = "<group>"; };
		B92B385728E31ED8009ADDEC /* DayViewModel.swift */ = {isa = PBXFileReference; lastKnownFileType = sourcecode.swift; path = DayViewModel.swift; sourceTree = "<group>"; };
		B92B385928E31FA4009ADDEC /* DayViewCell.swift */ = {isa = PBXFileReference; lastKnownFileType = sourcecode.swift; path = DayViewCell.swift; sourceTree = "<group>"; };
/* End PBXFileReference section */

/* Begin PBXFrameworksBuildPhase section */
		B9191AD228DC88D900F965D1 /* Frameworks */ = {
			isa = PBXFrameworksBuildPhase;
			buildActionMask = 2147483647;
			files = (
				B9191B1B28DC8F8000F965D1 /* RxRelay in Frameworks */,
				B9191B1928DC8F8000F965D1 /* RxCocoa in Frameworks */,
				B9191B1D28DC8F8000F965D1 /* RxSwift in Frameworks */,
				B462E2B828E3CA6E006C5AF5 /* RealmSwift in Frameworks */,
				B9191B1628DC8F5E00F965D1 /* SnapKit in Frameworks */,
			);
			runOnlyForDeploymentPostprocessing = 0;
		};
		B9191AE828DC88DA00F965D1 /* Frameworks */ = {
			isa = PBXFrameworksBuildPhase;
			buildActionMask = 2147483647;
			files = (
			);
			runOnlyForDeploymentPostprocessing = 0;
		};
		B9191AF228DC88DA00F965D1 /* Frameworks */ = {
			isa = PBXFrameworksBuildPhase;
			buildActionMask = 2147483647;
			files = (
			);
			runOnlyForDeploymentPostprocessing = 0;
		};
/* End PBXFrameworksBuildPhase section */

/* Begin PBXGroup section */
		B462E2BB28E41733006C5AF5 /* RoutineMyPage */ = {
			isa = PBXGroup;
			children = (
				B462E2B928E4172E006C5AF5 /* RoutineMyPageController.swift */,
				B462E2BC28E41919006C5AF5 /* RoutineMyPageViewModel.swift */,
				B462E2BE28E41921006C5AF5 /* RoutineMyPageCell.swift */,
			);
			path = RoutineMyPage;
			sourceTree = "<group>";
		};
		B46C582128E2B57000FA3093 /* RoutineCategory */ = {
			isa = PBXGroup;
			children = (
				B46C581F28E2B56B00FA3093 /* RoutineCategoryController.swift */,
				B46C582428E2BFE100FA3093 /* RoutineCategoryViewModel.swift */,
				B92B385528E3167C009ADDEC /* RoutineCategoryCell.swift */,
			);
			path = RoutineCategory;
			sourceTree = "<group>";
		};
		B46C582828E2CF1700FA3093 /* Service */ = {
			isa = PBXGroup;
			children = (
				B46C582628E2CF1100FA3093 /* ServiceManager.swift */,
			);
			path = Service;
			sourceTree = "<group>";
		};
		B915A4DD28DD6C9B007B57D8 /* AddInfo */ = {
			isa = PBXGroup;
			children = (
				B915A4DB28DD684A007B57D8 /* AddViewController.swift */,
				B915A4DE28DD6DF8007B57D8 /* AddViewModel.swift */,
				B915A4E428DD705B007B57D8 /* TitleTextFieldInfo */,
				B915A4ED28DD8570007B57D8 /* CategoryInfo */,
				B9286F6F28E02E3A00BB8F76 /* ContentTextFieldInfo */,
			);
			path = AddInfo;
			sourceTree = "<group>";
		};
		B915A4E428DD705B007B57D8 /* TitleTextFieldInfo */ = {
			isa = PBXGroup;
			children = (
				B915A4E228DD7057007B57D8 /* TitleTextFieldCellViewModel.swift */,
				B46724B628E1259D002F51C8 /* TitleTextFieldCell.swift */,
			);
			path = TitleTextFieldInfo;
			sourceTree = "<group>";
		};
		B915A4ED28DD8570007B57D8 /* CategoryInfo */ = {
			isa = PBXGroup;
			children = (
				B915A4EE28DDA623007B57D8 /* CategoryListViewController.swift */,
				B915A4E928DD7AD5007B57D8 /* CategoryViewModel.swift */,
			);
			path = CategoryInfo;
			sourceTree = "<group>";
		};
		B9191ACC28DC88D900F965D1 = {
			isa = PBXGroup;
			children = (
				B9191AD728DC88D900F965D1 /* RoutineDiary */,
				B9191AEE28DC88DA00F965D1 /* RoutineDiaryTests */,
				B9191AF828DC88DA00F965D1 /* RoutineDiaryUITests */,
				B9191AD628DC88D900F965D1 /* Products */,
			);
			sourceTree = "<group>";
		};
		B9191AD628DC88D900F965D1 /* Products */ = {
			isa = PBXGroup;
			children = (
				B9191AD528DC88D900F965D1 /* RoutineDiary.app */,
				B9191AEB28DC88DA00F965D1 /* RoutineDiaryTests.xctest */,
				B9191AF528DC88DA00F965D1 /* RoutineDiaryUITests.xctest */,
			);
			name = Products;
			sourceTree = "<group>";
		};
		B9191AD728DC88D900F965D1 /* RoutineDiary */ = {
			isa = PBXGroup;
			children = (
				B9191AD828DC88D900F965D1 /* AppDelegate.swift */,
				B9191ADA28DC88D900F965D1 /* SceneDelegate.swift */,
				B9191AE128DC88DA00F965D1 /* Assets.xcassets */,
				B9191AE328DC88DA00F965D1 /* LaunchScreen.storyboard */,
				B9191AE628DC88DA00F965D1 /* Info.plist */,
				B46C582828E2CF1700FA3093 /* Service */,
				B9191B2028DC8FE400F965D1 /* Entities */,
				B9191B0A28DC8A3F00F965D1 /* Presentation */,
				B46C581D28E2967F00FA3093 /* Category.json */,
			);
			path = RoutineDiary;
			sourceTree = "<group>";
		};
		B9191AEE28DC88DA00F965D1 /* RoutineDiaryTests */ = {
			isa = PBXGroup;
			children = (
				B9191AEF28DC88DA00F965D1 /* RoutineDiaryTests.swift */,
			);
			path = RoutineDiaryTests;
			sourceTree = "<group>";
		};
		B9191AF828DC88DA00F965D1 /* RoutineDiaryUITests */ = {
			isa = PBXGroup;
			children = (
				B9191AF928DC88DA00F965D1 /* RoutineDiaryUITests.swift */,
				B9191AFB28DC88DA00F965D1 /* RoutineDiaryUITestsLaunchTests.swift */,
			);
			path = RoutineDiaryUITests;
			sourceTree = "<group>";
		};
		B9191B0A28DC8A3F00F965D1 /* Presentation */ = {
			isa = PBXGroup;
			children = (
				B9191B0828DC89F100F965D1 /* RootTabController.swift */,
				B915A4DD28DD6C9B007B57D8 /* AddInfo */,
				B9191B1128DC8AED00F965D1 /* TodayInfo */,
				B9191B1328DC8AFD00F965D1 /* DayInfo */,
				B9191B1228DC8AF700F965D1 /* RoutineInfo */,
			);
			path = Presentation;
			sourceTree = "<group>";
		};
		B9191B1128DC8AED00F965D1 /* TodayInfo */ = {
			isa = PBXGroup;
			children = (
				B9191B0B28DC8AB500F965D1 /* TodayViewController.swift */,
				B9191B2128DC95D700F965D1 /* TodayViewCell.swift */,
				B915A4EB28DD7FAE007B57D8 /* TodayViewModel.swift */,
			);
			path = TodayInfo;
			sourceTree = "<group>";
		};
		B9191B1228DC8AF700F965D1 /* RoutineInfo */ = {
			isa = PBXGroup;
			children = (
				B9191B0D28DC8AC300F965D1 /* RoutineViewController.swift */,
				B46724BA28E182A2002F51C8 /* RoutineViewModel.swift */,
				B46724BC28E19A83002F51C8 /* RoutineViewCell.swift */,
				B46C581B28E27FD900FA3093 /* TitleHeaderView.swift */,
				B46C582128E2B57000FA3093 /* RoutineCategory */,
				B462E2BB28E41733006C5AF5 /* RoutineMyPage */,
			);
			path = RoutineInfo;
			sourceTree = "<group>";
		};
		B9191B1328DC8AFD00F965D1 /* DayInfo */ = {
			isa = PBXGroup;
			children = (
				B9191B0F28DC8AE700F965D1 /* DayViewController.swift */,
				B92B385728E31ED8009ADDEC /* DayViewModel.swift */,
				B92B385928E31FA4009ADDEC /* DayViewCell.swift */,
			);
			path = DayInfo;
			sourceTree = "<group>";
		};
		B9191B2028DC8FE400F965D1 /* Entities */ = {
			isa = PBXGroup;
			children = (
				B9191B1E28DC8FDD00F965D1 /* RoutineData.swift */,
				B915A4E728DD7A6F007B57D8 /* Category.swift */,
				B46724B828E142AB002F51C8 /* TodayData.swift */,
				B46C582228E2BF1400FA3093 /* RoutineCategory.swift */,
			);
			path = Entities;
			sourceTree = "<group>";
		};
		B9286F6F28E02E3A00BB8F76 /* ContentTextFieldInfo */ = {
			isa = PBXGroup;
			children = (
				B9286F6D28E02E3600BB8F76 /* ContentTextFieldCell.swift */,
				B9286F7028E02E5300BB8F76 /* ContentTextFieldViewModel.swift */,
			);
			path = ContentTextFieldInfo;
			sourceTree = "<group>";
		};
/* End PBXGroup section */

/* Begin PBXNativeTarget section */
		B9191AD428DC88D900F965D1 /* RoutineDiary */ = {
			isa = PBXNativeTarget;
			buildConfigurationList = B9191AFF28DC88DA00F965D1 /* Build configuration list for PBXNativeTarget "RoutineDiary" */;
			buildPhases = (
				B9191AD128DC88D900F965D1 /* Sources */,
				B9191AD228DC88D900F965D1 /* Frameworks */,
				B9191AD328DC88D900F965D1 /* Resources */,
			);
			buildRules = (
			);
			dependencies = (
			);
			name = RoutineDiary;
			packageProductDependencies = (
				B9191B1528DC8F5E00F965D1 /* SnapKit */,
				B9191B1828DC8F8000F965D1 /* RxCocoa */,
				B9191B1A28DC8F8000F965D1 /* RxRelay */,
				B9191B1C28DC8F8000F965D1 /* RxSwift */,
				B462E2B728E3CA6E006C5AF5 /* RealmSwift */,
			);
			productName = RoutineDiary;
			productReference = B9191AD528DC88D900F965D1 /* RoutineDiary.app */;
			productType = "com.apple.product-type.application";
		};
		B9191AEA28DC88DA00F965D1 /* RoutineDiaryTests */ = {
			isa = PBXNativeTarget;
			buildConfigurationList = B9191B0228DC88DA00F965D1 /* Build configuration list for PBXNativeTarget "RoutineDiaryTests" */;
			buildPhases = (
				B9191AE728DC88DA00F965D1 /* Sources */,
				B9191AE828DC88DA00F965D1 /* Frameworks */,
				B9191AE928DC88DA00F965D1 /* Resources */,
			);
			buildRules = (
			);
			dependencies = (
				B9191AED28DC88DA00F965D1 /* PBXTargetDependency */,
			);
			name = RoutineDiaryTests;
			productName = RoutineDiaryTests;
			productReference = B9191AEB28DC88DA00F965D1 /* RoutineDiaryTests.xctest */;
			productType = "com.apple.product-type.bundle.unit-test";
		};
		B9191AF428DC88DA00F965D1 /* RoutineDiaryUITests */ = {
			isa = PBXNativeTarget;
			buildConfigurationList = B9191B0528DC88DA00F965D1 /* Build configuration list for PBXNativeTarget "RoutineDiaryUITests" */;
			buildPhases = (
				B9191AF128DC88DA00F965D1 /* Sources */,
				B9191AF228DC88DA00F965D1 /* Frameworks */,
				B9191AF328DC88DA00F965D1 /* Resources */,
			);
			buildRules = (
			);
			dependencies = (
				B9191AF728DC88DA00F965D1 /* PBXTargetDependency */,
			);
			name = RoutineDiaryUITests;
			productName = RoutineDiaryUITests;
			productReference = B9191AF528DC88DA00F965D1 /* RoutineDiaryUITests.xctest */;
			productType = "com.apple.product-type.bundle.ui-testing";
		};
/* End PBXNativeTarget section */

/* Begin PBXProject section */
		B9191ACD28DC88D900F965D1 /* Project object */ = {
			isa = PBXProject;
			attributes = {
				BuildIndependentTargetsInParallel = 1;
				LastSwiftUpdateCheck = 1400;
				LastUpgradeCheck = 1400;
				TargetAttributes = {
					B9191AD428DC88D900F965D1 = {
						CreatedOnToolsVersion = 14.0;
					};
					B9191AEA28DC88DA00F965D1 = {
						CreatedOnToolsVersion = 14.0;
						TestTargetID = B9191AD428DC88D900F965D1;
					};
					B9191AF428DC88DA00F965D1 = {
						CreatedOnToolsVersion = 14.0;
						TestTargetID = B9191AD428DC88D900F965D1;
					};
				};
			};
			buildConfigurationList = B9191AD028DC88D900F965D1 /* Build configuration list for PBXProject "RoutineDiary" */;
			compatibilityVersion = "Xcode 14.0";
			developmentRegion = en;
			hasScannedForEncodings = 0;
			knownRegions = (
				en,
				Base,
			);
			mainGroup = B9191ACC28DC88D900F965D1;
			packageReferences = (
				B9191B1428DC8F5E00F965D1 /* XCRemoteSwiftPackageReference "SnapKit" */,
				B9191B1728DC8F8000F965D1 /* XCRemoteSwiftPackageReference "RxSwift" */,
				B462E2B628E3CA6E006C5AF5 /* XCRemoteSwiftPackageReference "realm-swift" */,
			);
			productRefGroup = B9191AD628DC88D900F965D1 /* Products */;
			projectDirPath = "";
			projectRoot = "";
			targets = (
				B9191AD428DC88D900F965D1 /* RoutineDiary */,
				B9191AEA28DC88DA00F965D1 /* RoutineDiaryTests */,
				B9191AF428DC88DA00F965D1 /* RoutineDiaryUITests */,
			);
		};
/* End PBXProject section */

/* Begin PBXResourcesBuildPhase section */
		B9191AD328DC88D900F965D1 /* Resources */ = {
			isa = PBXResourcesBuildPhase;
			buildActionMask = 2147483647;
			files = (
				B9191AE528DC88DA00F965D1 /* LaunchScreen.storyboard in Resources */,
				B46C581E28E2967F00FA3093 /* Category.json in Resources */,
				B9191AE228DC88DA00F965D1 /* Assets.xcassets in Resources */,
			);
			runOnlyForDeploymentPostprocessing = 0;
		};
		B9191AE928DC88DA00F965D1 /* Resources */ = {
			isa = PBXResourcesBuildPhase;
			buildActionMask = 2147483647;
			files = (
			);
			runOnlyForDeploymentPostprocessing = 0;
		};
		B9191AF328DC88DA00F965D1 /* Resources */ = {
			isa = PBXResourcesBuildPhase;
			buildActionMask = 2147483647;
			files = (
			);
			runOnlyForDeploymentPostprocessing = 0;
		};
/* End PBXResourcesBuildPhase section */

/* Begin PBXSourcesBuildPhase section */
		B9191AD128DC88D900F965D1 /* Sources */ = {
			isa = PBXSourcesBuildPhase;
			buildActionMask = 2147483647;
			files = (
				B915A4DF28DD6DF8007B57D8 /* AddViewModel.swift in Sources */,
				B462E2BA28E4172E006C5AF5 /* RoutineMyPageController.swift in Sources */,
				B915A4DC28DD684A007B57D8 /* AddViewController.swift in Sources */,
				B9191B0C28DC8AB500F965D1 /* TodayViewController.swift in Sources */,
				B46724B728E1259D002F51C8 /* TitleTextFieldCell.swift in Sources */,
				B46C582328E2BF1400FA3093 /* RoutineCategory.swift in Sources */,
				B915A4E328DD7057007B57D8 /* TitleTextFieldCellViewModel.swift in Sources */,
				B46724BD28E19A83002F51C8 /* RoutineViewCell.swift in Sources */,
				B46C582028E2B56B00FA3093 /* RoutineCategoryController.swift in Sources */,
				B46724B928E142AB002F51C8 /* TodayData.swift in Sources */,
				B915A4EF28DDA623007B57D8 /* CategoryListViewController.swift in Sources */,
				B9286F6E28E02E3600BB8F76 /* ContentTextFieldCell.swift in Sources */,
				B9191B1F28DC8FDD00F965D1 /* RoutineData.swift in Sources */,
				B92B385A28E31FA4009ADDEC /* DayViewCell.swift in Sources */,
				B9191B2228DC95D700F965D1 /* TodayViewCell.swift in Sources */,
				B915A4EA28DD7AD5007B57D8 /* CategoryViewModel.swift in Sources */,
				B462E2BD28E41919006C5AF5 /* RoutineMyPageViewModel.swift in Sources */,
				B9191AD928DC88D900F965D1 /* AppDelegate.swift in Sources */,
				B46C582528E2BFE100FA3093 /* RoutineCategoryViewModel.swift in Sources */,
				B9191B0928DC89F100F965D1 /* RootTabController.swift in Sources */,
				B46C582728E2CF1100FA3093 /* ServiceManager.swift in Sources */,
				B9286F7128E02E5300BB8F76 /* ContentTextFieldViewModel.swift in Sources */,
				B9191ADB28DC88D900F965D1 /* SceneDelegate.swift in Sources */,
				B46724BB28E182A2002F51C8 /* RoutineViewModel.swift in Sources */,
				B92B385628E3167C009ADDEC /* RoutineCategoryCell.swift in Sources */,
				B915A4EC28DD7FAE007B57D8 /* TodayViewModel.swift in Sources */,
				B46C581C28E27FD900FA3093 /* TitleHeaderView.swift in Sources */,
				B462E2BF28E41921006C5AF5 /* RoutineMyPageCell.swift in Sources */,
				B9191B0E28DC8AC300F965D1 /* RoutineViewController.swift in Sources */,
				B9191B1028DC8AE700F965D1 /* DayViewController.swift in Sources */,
				B915A4E828DD7A6F007B57D8 /* Category.swift in Sources */,
				B92B385828E31ED8009ADDEC /* DayViewModel.swift in Sources */,
			);
			runOnlyForDeploymentPostprocessing = 0;
		};
		B9191AE728DC88DA00F965D1 /* Sources */ = {
			isa = PBXSourcesBuildPhase;
			buildActionMask = 2147483647;
			files = (
				B9191AF028DC88DA00F965D1 /* RoutineDiaryTests.swift in Sources */,
			);
			runOnlyForDeploymentPostprocessing = 0;
		};
		B9191AF128DC88DA00F965D1 /* Sources */ = {
			isa = PBXSourcesBuildPhase;
			buildActionMask = 2147483647;
			files = (
				B9191AFA28DC88DA00F965D1 /* RoutineDiaryUITests.swift in Sources */,
				B9191AFC28DC88DA00F965D1 /* RoutineDiaryUITestsLaunchTests.swift in Sources */,
			);
			runOnlyForDeploymentPostprocessing = 0;
		};
/* End PBXSourcesBuildPhase section */

/* Begin PBXTargetDependency section */
		B9191AED28DC88DA00F965D1 /* PBXTargetDependency */ = {
			isa = PBXTargetDependency;
			target = B9191AD428DC88D900F965D1 /* RoutineDiary */;
			targetProxy = B9191AEC28DC88DA00F965D1 /* PBXContainerItemProxy */;
		};
		B9191AF728DC88DA00F965D1 /* PBXTargetDependency */ = {
			isa = PBXTargetDependency;
			target = B9191AD428DC88D900F965D1 /* RoutineDiary */;
			targetProxy = B9191AF628DC88DA00F965D1 /* PBXContainerItemProxy */;
		};
/* End PBXTargetDependency section */

/* Begin PBXVariantGroup section */
		B9191AE328DC88DA00F965D1 /* LaunchScreen.storyboard */ = {
			isa = PBXVariantGroup;
			children = (
				B9191AE428DC88DA00F965D1 /* Base */,
			);
			name = LaunchScreen.storyboard;
			sourceTree = "<group>";
		};
/* End PBXVariantGroup section */

/* Begin XCBuildConfiguration section */
		B9191AFD28DC88DA00F965D1 /* Debug */ = {
			isa = XCBuildConfiguration;
			buildSettings = {
				ALWAYS_SEARCH_USER_PATHS = NO;
				CLANG_ANALYZER_NONNULL = YES;
				CLANG_ANALYZER_NUMBER_OBJECT_CONVERSION = YES_AGGRESSIVE;
				CLANG_CXX_LANGUAGE_STANDARD = "gnu++20";
				CLANG_ENABLE_MODULES = YES;
				CLANG_ENABLE_OBJC_ARC = YES;
				CLANG_ENABLE_OBJC_WEAK = YES;
				CLANG_WARN_BLOCK_CAPTURE_AUTORELEASING = YES;
				CLANG_WARN_BOOL_CONVERSION = YES;
				CLANG_WARN_COMMA = YES;
				CLANG_WARN_CONSTANT_CONVERSION = YES;
				CLANG_WARN_DEPRECATED_OBJC_IMPLEMENTATIONS = YES;
				CLANG_WARN_DIRECT_OBJC_ISA_USAGE = YES_ERROR;
				CLANG_WARN_DOCUMENTATION_COMMENTS = YES;
				CLANG_WARN_EMPTY_BODY = YES;
				CLANG_WARN_ENUM_CONVERSION = YES;
				CLANG_WARN_INFINITE_RECURSION = YES;
				CLANG_WARN_INT_CONVERSION = YES;
				CLANG_WARN_NON_LITERAL_NULL_CONVERSION = YES;
				CLANG_WARN_OBJC_IMPLICIT_RETAIN_SELF = YES;
				CLANG_WARN_OBJC_LITERAL_CONVERSION = YES;
				CLANG_WARN_OBJC_ROOT_CLASS = YES_ERROR;
				CLANG_WARN_QUOTED_INCLUDE_IN_FRAMEWORK_HEADER = YES;
				CLANG_WARN_RANGE_LOOP_ANALYSIS = YES;
				CLANG_WARN_STRICT_PROTOTYPES = YES;
				CLANG_WARN_SUSPICIOUS_MOVE = YES;
				CLANG_WARN_UNGUARDED_AVAILABILITY = YES_AGGRESSIVE;
				CLANG_WARN_UNREACHABLE_CODE = YES;
				CLANG_WARN__DUPLICATE_METHOD_MATCH = YES;
				COPY_PHASE_STRIP = NO;
				DEBUG_INFORMATION_FORMAT = dwarf;
				ENABLE_STRICT_OBJC_MSGSEND = YES;
				ENABLE_TESTABILITY = YES;
				GCC_C_LANGUAGE_STANDARD = gnu11;
				GCC_DYNAMIC_NO_PIC = NO;
				GCC_NO_COMMON_BLOCKS = YES;
				GCC_OPTIMIZATION_LEVEL = 0;
				GCC_PREPROCESSOR_DEFINITIONS = (
					"DEBUG=1",
					"$(inherited)",
				);
				GCC_WARN_64_TO_32_BIT_CONVERSION = YES;
				GCC_WARN_ABOUT_RETURN_TYPE = YES_ERROR;
				GCC_WARN_UNDECLARED_SELECTOR = YES;
				GCC_WARN_UNINITIALIZED_AUTOS = YES_AGGRESSIVE;
				GCC_WARN_UNUSED_FUNCTION = YES;
				GCC_WARN_UNUSED_VARIABLE = YES;
				IPHONEOS_DEPLOYMENT_TARGET = 16.0;
				MTL_ENABLE_DEBUG_INFO = INCLUDE_SOURCE;
				MTL_FAST_MATH = YES;
				ONLY_ACTIVE_ARCH = YES;
				SDKROOT = iphoneos;
				SWIFT_ACTIVE_COMPILATION_CONDITIONS = DEBUG;
				SWIFT_OPTIMIZATION_LEVEL = "-Onone";
			};
			name = Debug;
		};
		B9191AFE28DC88DA00F965D1 /* Release */ = {
			isa = XCBuildConfiguration;
			buildSettings = {
				ALWAYS_SEARCH_USER_PATHS = NO;
				CLANG_ANALYZER_NONNULL = YES;
				CLANG_ANALYZER_NUMBER_OBJECT_CONVERSION = YES_AGGRESSIVE;
				CLANG_CXX_LANGUAGE_STANDARD = "gnu++20";
				CLANG_ENABLE_MODULES = YES;
				CLANG_ENABLE_OBJC_ARC = YES;
				CLANG_ENABLE_OBJC_WEAK = YES;
				CLANG_WARN_BLOCK_CAPTURE_AUTORELEASING = YES;
				CLANG_WARN_BOOL_CONVERSION = YES;
				CLANG_WARN_COMMA = YES;
				CLANG_WARN_CONSTANT_CONVERSION = YES;
				CLANG_WARN_DEPRECATED_OBJC_IMPLEMENTATIONS = YES;
				CLANG_WARN_DIRECT_OBJC_ISA_USAGE = YES_ERROR;
				CLANG_WARN_DOCUMENTATION_COMMENTS = YES;
				CLANG_WARN_EMPTY_BODY = YES;
				CLANG_WARN_ENUM_CONVERSION = YES;
				CLANG_WARN_INFINITE_RECURSION = YES;
				CLANG_WARN_INT_CONVERSION = YES;
				CLANG_WARN_NON_LITERAL_NULL_CONVERSION = YES;
				CLANG_WARN_OBJC_IMPLICIT_RETAIN_SELF = YES;
				CLANG_WARN_OBJC_LITERAL_CONVERSION = YES;
				CLANG_WARN_OBJC_ROOT_CLASS = YES_ERROR;
				CLANG_WARN_QUOTED_INCLUDE_IN_FRAMEWORK_HEADER = YES;
				CLANG_WARN_RANGE_LOOP_ANALYSIS = YES;
				CLANG_WARN_STRICT_PROTOTYPES = YES;
				CLANG_WARN_SUSPICIOUS_MOVE = YES;
				CLANG_WARN_UNGUARDED_AVAILABILITY = YES_AGGRESSIVE;
				CLANG_WARN_UNREACHABLE_CODE = YES;
				CLANG_WARN__DUPLICATE_METHOD_MATCH = YES;
				COPY_PHASE_STRIP = NO;
				DEBUG_INFORMATION_FORMAT = "dwarf-with-dsym";
				ENABLE_NS_ASSERTIONS = NO;
				ENABLE_STRICT_OBJC_MSGSEND = YES;
				GCC_C_LANGUAGE_STANDARD = gnu11;
				GCC_NO_COMMON_BLOCKS = YES;
				GCC_WARN_64_TO_32_BIT_CONVERSION = YES;
				GCC_WARN_ABOUT_RETURN_TYPE = YES_ERROR;
				GCC_WARN_UNDECLARED_SELECTOR = YES;
				GCC_WARN_UNINITIALIZED_AUTOS = YES_AGGRESSIVE;
				GCC_WARN_UNUSED_FUNCTION = YES;
				GCC_WARN_UNUSED_VARIABLE = YES;
				IPHONEOS_DEPLOYMENT_TARGET = 16.0;
				MTL_ENABLE_DEBUG_INFO = NO;
				MTL_FAST_MATH = YES;
				SDKROOT = iphoneos;
				SWIFT_COMPILATION_MODE = wholemodule;
				SWIFT_OPTIMIZATION_LEVEL = "-O";
				VALIDATE_PRODUCT = YES;
			};
			name = Release;
		};
		B9191B0028DC88DA00F965D1 /* Debug */ = {
			isa = XCBuildConfiguration;
			buildSettings = {
				ASSETCATALOG_COMPILER_APPICON_NAME = AppIcon;
				ASSETCATALOG_COMPILER_GLOBAL_ACCENT_COLOR_NAME = AccentColor;
				CODE_SIGN_STYLE = Automatic;
				CURRENT_PROJECT_VERSION = 1;
				DEVELOPMENT_TEAM = NMLQKC3L6A;
				GENERATE_INFOPLIST_FILE = YES;
				INFOPLIST_FILE = RoutineDiary/Info.plist;
				INFOPLIST_KEY_UIApplicationSupportsIndirectInputEvents = YES;
				INFOPLIST_KEY_UILaunchStoryboardName = LaunchScreen;
				INFOPLIST_KEY_UISupportedInterfaceOrientations_iPad = "UIInterfaceOrientationPortrait UIInterfaceOrientationPortraitUpsideDown UIInterfaceOrientationLandscapeLeft UIInterfaceOrientationLandscapeRight";
				INFOPLIST_KEY_UISupportedInterfaceOrientations_iPhone = "UIInterfaceOrientationPortrait UIInterfaceOrientationLandscapeLeft UIInterfaceOrientationLandscapeRight";
				LD_RUNPATH_SEARCH_PATHS = (
					"$(inherited)",
					"@executable_path/Frameworks",
				);
				MARKETING_VERSION = 1.0;
				PRODUCT_BUNDLE_IDENTIFIER = com.hylee.RoutineDiary;
				PRODUCT_NAME = "$(TARGET_NAME)";
				SWIFT_EMIT_LOC_STRINGS = YES;
				SWIFT_VERSION = 5.0;
				TARGETED_DEVICE_FAMILY = "1,2";
			};
			name = Debug;
		};
		B9191B0128DC88DA00F965D1 /* Release */ = {
			isa = XCBuildConfiguration;
			buildSettings = {
				ASSETCATALOG_COMPILER_APPICON_NAME = AppIcon;
				ASSETCATALOG_COMPILER_GLOBAL_ACCENT_COLOR_NAME = AccentColor;
				CODE_SIGN_STYLE = Automatic;
				CURRENT_PROJECT_VERSION = 1;
				DEVELOPMENT_TEAM = NMLQKC3L6A;
				GENERATE_INFOPLIST_FILE = YES;
				INFOPLIST_FILE = RoutineDiary/Info.plist;
				INFOPLIST_KEY_UIApplicationSupportsIndirectInputEvents = YES;
				INFOPLIST_KEY_UILaunchStoryboardName = LaunchScreen;
				INFOPLIST_KEY_UISupportedInterfaceOrientations_iPad = "UIInterfaceOrientationPortrait UIInterfaceOrientationPortraitUpsideDown UIInterfaceOrientationLandscapeLeft UIInterfaceOrientationLandscapeRight";
				INFOPLIST_KEY_UISupportedInterfaceOrientations_iPhone = "UIInterfaceOrientationPortrait UIInterfaceOrientationLandscapeLeft UIInterfaceOrientationLandscapeRight";
				LD_RUNPATH_SEARCH_PATHS = (
					"$(inherited)",
					"@executable_path/Frameworks",
				);
				MARKETING_VERSION = 1.0;
				PRODUCT_BUNDLE_IDENTIFIER = com.hylee.RoutineDiary;
				PRODUCT_NAME = "$(TARGET_NAME)";
				SWIFT_EMIT_LOC_STRINGS = YES;
				SWIFT_VERSION = 5.0;
				TARGETED_DEVICE_FAMILY = "1,2";
			};
			name = Release;
		};
		B9191B0328DC88DA00F965D1 /* Debug */ = {
			isa = XCBuildConfiguration;
			buildSettings = {
				ALWAYS_EMBED_SWIFT_STANDARD_LIBRARIES = YES;
				BUNDLE_LOADER = "$(TEST_HOST)";
				CODE_SIGN_STYLE = Automatic;
				CURRENT_PROJECT_VERSION = 1;
				DEVELOPMENT_TEAM = NMLQKC3L6A;
				GENERATE_INFOPLIST_FILE = YES;
				IPHONEOS_DEPLOYMENT_TARGET = 16.0;
				MARKETING_VERSION = 1.0;
				PRODUCT_BUNDLE_IDENTIFIER = com.hylee.RoutineDiaryTests;
				PRODUCT_NAME = "$(TARGET_NAME)";
				SWIFT_EMIT_LOC_STRINGS = NO;
				SWIFT_VERSION = 5.0;
				TARGETED_DEVICE_FAMILY = "1,2";
				TEST_HOST = "$(BUILT_PRODUCTS_DIR)/RoutineDiary.app/$(BUNDLE_EXECUTABLE_FOLDER_PATH)/RoutineDiary";
			};
			name = Debug;
		};
		B9191B0428DC88DA00F965D1 /* Release */ = {
			isa = XCBuildConfiguration;
			buildSettings = {
				ALWAYS_EMBED_SWIFT_STANDARD_LIBRARIES = YES;
				BUNDLE_LOADER = "$(TEST_HOST)";
				CODE_SIGN_STYLE = Automatic;
				CURRENT_PROJECT_VERSION = 1;
				DEVELOPMENT_TEAM = NMLQKC3L6A;
				GENERATE_INFOPLIST_FILE = YES;
				IPHONEOS_DEPLOYMENT_TARGET = 16.0;
				MARKETING_VERSION = 1.0;
				PRODUCT_BUNDLE_IDENTIFIER = com.hylee.RoutineDiaryTests;
				PRODUCT_NAME = "$(TARGET_NAME)";
				SWIFT_EMIT_LOC_STRINGS = NO;
				SWIFT_VERSION = 5.0;
				TARGETED_DEVICE_FAMILY = "1,2";
				TEST_HOST = "$(BUILT_PRODUCTS_DIR)/RoutineDiary.app/$(BUNDLE_EXECUTABLE_FOLDER_PATH)/RoutineDiary";
			};
			name = Release;
		};
		B9191B0628DC88DA00F965D1 /* Debug */ = {
			isa = XCBuildConfiguration;
			buildSettings = {
				ALWAYS_EMBED_SWIFT_STANDARD_LIBRARIES = YES;
				CODE_SIGN_STYLE = Automatic;
				CURRENT_PROJECT_VERSION = 1;
				DEVELOPMENT_TEAM = NMLQKC3L6A;
				GENERATE_INFOPLIST_FILE = YES;
				MARKETING_VERSION = 1.0;
				PRODUCT_BUNDLE_IDENTIFIER = com.hylee.RoutineDiaryUITests;
				PRODUCT_NAME = "$(TARGET_NAME)";
				SWIFT_EMIT_LOC_STRINGS = NO;
				SWIFT_VERSION = 5.0;
				TARGETED_DEVICE_FAMILY = "1,2";
				TEST_TARGET_NAME = RoutineDiary;
			};
			name = Debug;
		};
		B9191B0728DC88DA00F965D1 /* Release */ = {
			isa = XCBuildConfiguration;
			buildSettings = {
				ALWAYS_EMBED_SWIFT_STANDARD_LIBRARIES = YES;
				CODE_SIGN_STYLE = Automatic;
				CURRENT_PROJECT_VERSION = 1;
				DEVELOPMENT_TEAM = NMLQKC3L6A;
				GENERATE_INFOPLIST_FILE = YES;
				MARKETING_VERSION = 1.0;
				PRODUCT_BUNDLE_IDENTIFIER = com.hylee.RoutineDiaryUITests;
				PRODUCT_NAME = "$(TARGET_NAME)";
				SWIFT_EMIT_LOC_STRINGS = NO;
				SWIFT_VERSION = 5.0;
				TARGETED_DEVICE_FAMILY = "1,2";
				TEST_TARGET_NAME = RoutineDiary;
			};
			name = Release;
		};
/* End XCBuildConfiguration section */

/* Begin XCConfigurationList section */
		B9191AD028DC88D900F965D1 /* Build configuration list for PBXProject "RoutineDiary" */ = {
			isa = XCConfigurationList;
			buildConfigurations = (
				B9191AFD28DC88DA00F965D1 /* Debug */,
				B9191AFE28DC88DA00F965D1 /* Release */,
			);
			defaultConfigurationIsVisible = 0;
			defaultConfigurationName = Release;
		};
		B9191AFF28DC88DA00F965D1 /* Build configuration list for PBXNativeTarget "RoutineDiary" */ = {
			isa = XCConfigurationList;
			buildConfigurations = (
				B9191B0028DC88DA00F965D1 /* Debug */,
				B9191B0128DC88DA00F965D1 /* Release */,
			);
			defaultConfigurationIsVisible = 0;
			defaultConfigurationName = Release;
		};
		B9191B0228DC88DA00F965D1 /* Build configuration list for PBXNativeTarget "RoutineDiaryTests" */ = {
			isa = XCConfigurationList;
			buildConfigurations = (
				B9191B0328DC88DA00F965D1 /* Debug */,
				B9191B0428DC88DA00F965D1 /* Release */,
			);
			defaultConfigurationIsVisible = 0;
			defaultConfigurationName = Release;
		};
		B9191B0528DC88DA00F965D1 /* Build configuration list for PBXNativeTarget "RoutineDiaryUITests" */ = {
			isa = XCConfigurationList;
			buildConfigurations = (
				B9191B0628DC88DA00F965D1 /* Debug */,
				B9191B0728DC88DA00F965D1 /* Release */,
			);
			defaultConfigurationIsVisible = 0;
			defaultConfigurationName = Release;
		};
/* End XCConfigurationList section */

/* Begin XCRemoteSwiftPackageReference section */
		B462E2B628E3CA6E006C5AF5 /* XCRemoteSwiftPackageReference "realm-swift" */ = {
			isa = XCRemoteSwiftPackageReference;
			repositoryURL = "https://github.com/realm/realm-swift.git";
			requirement = {
				branch = master;
				kind = branch;
			};
		};
		B9191B1428DC8F5E00F965D1 /* XCRemoteSwiftPackageReference "SnapKit" */ = {
			isa = XCRemoteSwiftPackageReference;
			repositoryURL = "https://github.com/SnapKit/SnapKit";
			requirement = {
				kind = upToNextMajorVersion;
				minimumVersion = 5.0.0;
			};
		};
		B9191B1728DC8F8000F965D1 /* XCRemoteSwiftPackageReference "RxSwift" */ = {
			isa = XCRemoteSwiftPackageReference;
			repositoryURL = "https://github.com/ReactiveX/RxSwift";
			requirement = {
				branch = main;
				kind = branch;
			};
		};
/* End XCRemoteSwiftPackageReference section */

/* Begin XCSwiftPackageProductDependency section */
		B462E2B728E3CA6E006C5AF5 /* RealmSwift */ = {
			isa = XCSwiftPackageProductDependency;
			package = B462E2B628E3CA6E006C5AF5 /* XCRemoteSwiftPackageReference "realm-swift" */;
			productName = RealmSwift;
		};
		B9191B1528DC8F5E00F965D1 /* SnapKit */ = {
			isa = XCSwiftPackageProductDependency;
			package = B9191B1428DC8F5E00F965D1 /* XCRemoteSwiftPackageReference "SnapKit" */;
			productName = SnapKit;
		};
		B9191B1828DC8F8000F965D1 /* RxCocoa */ = {
			isa = XCSwiftPackageProductDependency;
			package = B9191B1728DC8F8000F965D1 /* XCRemoteSwiftPackageReference "RxSwift" */;
			productName = RxCocoa;
		};
		B9191B1A28DC8F8000F965D1 /* RxRelay */ = {
			isa = XCSwiftPackageProductDependency;
			package = B9191B1728DC8F8000F965D1 /* XCRemoteSwiftPackageReference "RxSwift" */;
			productName = RxRelay;
		};
		B9191B1C28DC8F8000F965D1 /* RxSwift */ = {
			isa = XCSwiftPackageProductDependency;
			package = B9191B1728DC8F8000F965D1 /* XCRemoteSwiftPackageReference "RxSwift" */;
			productName = RxSwift;
		};
/* End XCSwiftPackageProductDependency section */
	};
	rootObject = B9191ACD28DC88D900F965D1 /* Project object */;
}
